
Microsoft Visual Studio Solution File, Format Version 12.00
# Visual Studio Version 16
VisualStudioVersion = 16.0.30309.148
MinimumVisualStudioVersion = 10.0.40219.1
Project("{FAE04EC0-301F-11D3-BF4B-00C04F79EFBC}") = "InverterNumeros", "InverterNumeros\InverterNumeros.csproj", "{4C64EAB6-2F25-41AA-8B9A-59AA729408FB}"
EndProject
Global
	GlobalSection(SolutionConfigurationPlatforms) = preSolution
		Debug|Any CPU = Debug|Any CPU
		Release|Any CPU = Release|Any CPU
	EndGlobalSection
	GlobalSection(ProjectConfigurationPlatforms) = postSolution
		{4C64EAB6-2F25-41AA-8B9A-59AA729408FB}.Debug|Any CPU.ActiveCfg = Debug|Any CPU
		{4C64EAB6-2F25-41AA-8B9A-59AA729408FB}.Debug|Any CPU.Build.0 = Debug|Any CPU
		{4C64EAB6-2F25-41AA-8B9A-59AA729408FB}.Release|Any CPU.ActiveCfg = Release|Any CPU
		{4C64EAB6-2F25-41AA-8B9A-59AA729408FB}.Release|Any CPU.Build.0 = Release|Any CPU
	EndGlobalSection
	GlobalSection(SolutionProperties) = preSolution
		HideSolutionNode = FALSE
	EndGlobalSection
	GlobalSection(ExtensibilityGlobals) = postSolution
		SolutionGuid = {7EC64A4E-144E-4F20-B995-635EE41816DE}
	EndGlobalSection
EndGlobal
