
Microsoft Visual Studio Solution File, Format Version 12.00
# Visual Studio Version 16
VisualStudioVersion = 16.0.30309.148
MinimumVisualStudioVersion = 10.0.40219.1
Project("{FAE04EC0-301F-11D3-BF4B-00C04F79EFBC}") = "NumeroBinario", "NumeroBinario\NumeroBinario.csproj", "{54FB8D9C-FDA9-4DAC-A986-07A2C700191A}"
EndProject
Global
	GlobalSection(SolutionConfigurationPlatforms) = preSolution
		Debug|Any CPU = Debug|Any CPU
		Release|Any CPU = Release|Any CPU
	EndGlobalSection
	GlobalSection(ProjectConfigurationPlatforms) = postSolution
		{54FB8D9C-FDA9-4DAC-A986-07A2C700191A}.Debug|Any CPU.ActiveCfg = Debug|Any CPU
		{54FB8D9C-FDA9-4DAC-A986-07A2C700191A}.Debug|Any CPU.Build.0 = Debug|Any CPU
		{54FB8D9C-FDA9-4DAC-A986-07A2C700191A}.Release|Any CPU.ActiveCfg = Release|Any CPU
		{54FB8D9C-FDA9-4DAC-A986-07A2C700191A}.Release|Any CPU.Build.0 = Release|Any CPU
	EndGlobalSection
	GlobalSection(SolutionProperties) = preSolution
		HideSolutionNode = FALSE
	EndGlobalSection
	GlobalSection(ExtensibilityGlobals) = postSolution
		SolutionGuid = {B0B5507E-A926-44DA-9179-44770B299BA8}
	EndGlobalSection
EndGlobal
