
Microsoft Visual Studio Solution File, Format Version 12.00
# Visual Studio Version 16
VisualStudioVersion = 16.0.30309.148
MinimumVisualStudioVersion = 10.0.40219.1
Project("{FAE04EC0-301F-11D3-BF4B-00C04F79EFBC}") = "PassagePorValorReferencia", "PassagePorValorReferencia\PassagePorValorReferencia.csproj", "{54A096FA-D74E-4B60-A820-8EAEA387E371}"
EndProject
Global
	GlobalSection(SolutionConfigurationPlatforms) = preSolution
		Debug|Any CPU = Debug|Any CPU
		Release|Any CPU = Release|Any CPU
	EndGlobalSection
	GlobalSection(ProjectConfigurationPlatforms) = postSolution
		{54A096FA-D74E-4B60-A820-8EAEA387E371}.Debug|Any CPU.ActiveCfg = Debug|Any CPU
		{54A096FA-D74E-4B60-A820-8EAEA387E371}.Debug|Any CPU.Build.0 = Debug|Any CPU
		{54A096FA-D74E-4B60-A820-8EAEA387E371}.Release|Any CPU.ActiveCfg = Release|Any CPU
		{54A096FA-D74E-4B60-A820-8EAEA387E371}.Release|Any CPU.Build.0 = Release|Any CPU
	EndGlobalSection
	GlobalSection(SolutionProperties) = preSolution
		HideSolutionNode = FALSE
	EndGlobalSection
	GlobalSection(ExtensibilityGlobals) = postSolution
		SolutionGuid = {CD6C459E-0FB5-46B9-8CCA-70C81863B2C6}
	EndGlobalSection
EndGlobal
