
Microsoft Visual Studio Solution File, Format Version 12.00
# Visual Studio Version 16
VisualStudioVersion = 16.0.30309.148
MinimumVisualStudioVersion = 10.0.40219.1
Project("{FAE04EC0-301F-11D3-BF4B-00C04F79EFBC}") = "NumeroPrimo", "NumeroPrimo\NumeroPrimo.csproj", "{8954FAD1-B1BC-4BB2-99E1-78B2E2A49167}"
EndProject
Global
	GlobalSection(SolutionConfigurationPlatforms) = preSolution
		Debug|Any CPU = Debug|Any CPU
		Release|Any CPU = Release|Any CPU
	EndGlobalSection
	GlobalSection(ProjectConfigurationPlatforms) = postSolution
		{8954FAD1-B1BC-4BB2-99E1-78B2E2A49167}.Debug|Any CPU.ActiveCfg = Debug|Any CPU
		{8954FAD1-B1BC-4BB2-99E1-78B2E2A49167}.Debug|Any CPU.Build.0 = Debug|Any CPU
		{8954FAD1-B1BC-4BB2-99E1-78B2E2A49167}.Release|Any CPU.ActiveCfg = Release|Any CPU
		{8954FAD1-B1BC-4BB2-99E1-78B2E2A49167}.Release|Any CPU.Build.0 = Release|Any CPU
	EndGlobalSection
	GlobalSection(SolutionProperties) = preSolution
		HideSolutionNode = FALSE
	EndGlobalSection
	GlobalSection(ExtensibilityGlobals) = postSolution
		SolutionGuid = {81DF6633-423A-4C67-BC46-4D73E41D1A83}
	EndGlobalSection
EndGlobal
